// !$*UTF8*$!
{
	archiveVersion = 1;
	classes = {
	};
	objectVersion = 50;
	objects = {

/* Begin PBXBuildFile section */
		4E220F97219C1D1D00D83116 /* MTRLine.swift in Sources */ = {isa = PBXBuildFile; fileRef = 4E220F96219C1D1D00D83116 /* MTRLine.swift */; };
		4E220F98219C1D1D00D83116 /* MTRLine.swift in Sources */ = {isa = PBXBuildFile; fileRef = 4E220F96219C1D1D00D83116 /* MTRLine.swift */; };
		4E243B14219C51C00072A4E5 /* Stations.strings in Resources */ = {isa = PBXBuildFile; fileRef = 4E243B17219C51C00072A4E5 /* Stations.strings */; };
		4E243B15219C51C00072A4E5 /* Stations.strings in Resources */ = {isa = PBXBuildFile; fileRef = 4E243B17219C51C00072A4E5 /* Stations.strings */; };
		4E5C00F2215FBDFA0027B1DA /* AppDelegate.swift in Sources */ = {isa = PBXBuildFile; fileRef = 4E5C00F1215FBDFA0027B1DA /* AppDelegate.swift */; };
		4E5C00F4215FBDFA0027B1DA /* MainViewController.swift in Sources */ = {isa = PBXBuildFile; fileRef = 4E5C00F3215FBDFA0027B1DA /* MainViewController.swift */; };
		4E5C00F9215FBDFB0027B1DA /* Assets.xcassets in Resources */ = {isa = PBXBuildFile; fileRef = 4E5C00F8215FBDFB0027B1DA /* Assets.xcassets */; };
		4E5C00FC215FBDFB0027B1DA /* LaunchScreen.storyboard in Resources */ = {isa = PBXBuildFile; fileRef = 4E5C00FA215FBDFB0027B1DA /* LaunchScreen.storyboard */; };
		4E5C0108215FC8F60027B1DA /* convenience.swift in Sources */ = {isa = PBXBuildFile; fileRef = 4E5C0107215FC8F60027B1DA /* convenience.swift */; };
		4E5C010C215FD1360027B1DA /* DepartureInfo.swift in Sources */ = {isa = PBXBuildFile; fileRef = 4E5C010B215FD1360027B1DA /* DepartureInfo.swift */; };
		4E5C0113215FDB470027B1DA /* NotificationCenter.framework in Frameworks */ = {isa = PBXBuildFile; fileRef = 4E5C0112215FDB470027B1DA /* NotificationCenter.framework */; };
		4E5C0116215FDB470027B1DA /* DepartureWidgetController.swift in Sources */ = {isa = PBXBuildFile; fileRef = 4E5C0115215FDB470027B1DA /* DepartureWidgetController.swift */; };
		4E5C011D215FDB470027B1DA /* Departure Board Widget.appex in Embed App Extensions */ = {isa = PBXBuildFile; fileRef = 4E5C0111215FDB470027B1DA /* Departure Board Widget.appex */; settings = {ATTRIBUTES = (RemoveHeadersOnCopy, ); }; };
		4E5C0123215FDEC60027B1DA /* convenience.swift in Sources */ = {isa = PBXBuildFile; fileRef = 4E5C0107215FC8F60027B1DA /* convenience.swift */; };
		4E5C0124215FDEC60027B1DA /* APIClient.swift in Sources */ = {isa = PBXBuildFile; fileRef = 4E5C0103215FBF740027B1DA /* APIClient.swift */; };
		4E5C0125215FDEC60027B1DA /* DepartureInfo.swift in Sources */ = {isa = PBXBuildFile; fileRef = 4E5C010B215FD1360027B1DA /* DepartureInfo.swift */; };
		4E5C0129215FDED70027B1DA /* DepartureTableViewController.swift in Sources */ = {isa = PBXBuildFile; fileRef = 4E5C0128215FDED70027B1DA /* DepartureTableViewController.swift */; };
		4E5C012B215FE0170027B1DA /* DepartureCell.swift in Sources */ = {isa = PBXBuildFile; fileRef = 4E5C012A215FE0170027B1DA /* DepartureCell.swift */; };
		4E83F9F4219AD42800FEECB3 /* StationListViewController.swift in Sources */ = {isa = PBXBuildFile; fileRef = 4E83F9F3219AD42800FEECB3 /* StationListViewController.swift */; };
		4E83F9F6219ADD4C00FEECB3 /* StationListCell.swift in Sources */ = {isa = PBXBuildFile; fileRef = 4E83F9F5219ADD4C00FEECB3 /* StationListCell.swift */; };
		4EB6CA36219B37D200A36D0F /* MTRLineCode.swift in Sources */ = {isa = PBXBuildFile; fileRef = 4EB6CA35219B37D200A36D0F /* MTRLineCode.swift */; };
		4EB6CA37219B37D200A36D0F /* MTRLineCode.swift in Sources */ = {isa = PBXBuildFile; fileRef = 4EB6CA35219B37D200A36D0F /* MTRLineCode.swift */; };
		4EB6CA39219B37D800A36D0F /* MTRStationCode.swift in Sources */ = {isa = PBXBuildFile; fileRef = 4EB6CA38219B37D800A36D0F /* MTRStationCode.swift */; };
		4EB6CA3A219B37D800A36D0F /* MTRStationCode.swift in Sources */ = {isa = PBXBuildFile; fileRef = 4EB6CA38219B37D800A36D0F /* MTRStationCode.swift */; };
		4EB6CA3C219B37DF00A36D0F /* MTRStation.swift in Sources */ = {isa = PBXBuildFile; fileRef = 4EB6CA3B219B37DF00A36D0F /* MTRStation.swift */; };
		4EB6CA3D219B37DF00A36D0F /* MTRStation.swift in Sources */ = {isa = PBXBuildFile; fileRef = 4EB6CA3B219B37DF00A36D0F /* MTRStation.swift */; };
		4EEB9C6A21639F1D00E9A56E /* AppSettings.swift in Sources */ = {isa = PBXBuildFile; fileRef = 4EEB9C6921639F1D00E9A56E /* AppSettings.swift */; };
		4EEB9C6B21639F1D00E9A56E /* AppSettings.swift in Sources */ = {isa = PBXBuildFile; fileRef = 4EEB9C6921639F1D00E9A56E /* AppSettings.swift */; };
		C61229310795734B5C6C9AB2 /* Pods_Departure_Board.framework in Frameworks */ = {isa = PBXBuildFile; fileRef = A834F6951CDA5F8C66EF6DA9 /* Pods_Departure_Board.framework */; };
		E8E9415ACA070272E287F008 /* Pods_Departure_Board_Widget.framework in Frameworks */ = {isa = PBXBuildFile; fileRef = 71AA71182754D4BA1D04749B /* Pods_Departure_Board_Widget.framework */; };
/* End PBXBuildFile section */

/* Begin PBXContainerItemProxy section */
		4E5C011B215FDB470027B1DA /* PBXContainerItemProxy */ = {
			isa = PBXContainerItemProxy;
			containerPortal = 4E5C00E6215FBDFA0027B1DA /* Project object */;
			proxyType = 1;
			remoteGlobalIDString = 4E5C0110215FDB470027B1DA;
			remoteInfo = "Departure Board Widget";
		};
/* End PBXContainerItemProxy section */

/* Begin PBXCopyFilesBuildPhase section */
		4E5C0121215FDB470027B1DA /* Embed App Extensions */ = {
			isa = PBXCopyFilesBuildPhase;
			buildActionMask = 2147483647;
			dstPath = "";
			dstSubfolderSpec = 13;
			files = (
				4E5C011D215FDB470027B1DA /* Departure Board Widget.appex in Embed App Extensions */,
			);
			name = "Embed App Extensions";
			runOnlyForDeploymentPostprocessing = 0;
		};
/* End PBXCopyFilesBuildPhase section */

/* Begin PBXFileReference section */
		04787647D29FE511B7B24F4C /* Pods-Departure Board.release.xcconfig */ = {isa = PBXFileReference; includeInIndex = 1; lastKnownFileType = text.xcconfig; name = "Pods-Departure Board.release.xcconfig"; path = "Pods/Target Support Files/Pods-Departure Board/Pods-Departure Board.release.xcconfig"; sourceTree = "<group>"; };
		4E220F96219C1D1D00D83116 /* MTRLine.swift */ = {isa = PBXFileReference; lastKnownFileType = sourcecode.swift; path = MTRLine.swift; sourceTree = "<group>"; };
		4E243B16219C51C00072A4E5 /* en */ = {isa = PBXFileReference; lastKnownFileType = text.plist.strings; name = en; path = en.lproj/Stations.strings; sourceTree = "<group>"; };
		4E243B18219C51D10072A4E5 /* zh-Hant */ = {isa = PBXFileReference; lastKnownFileType = text.plist.strings; name = "zh-Hant"; path = "zh-Hant.lproj/Stations.strings"; sourceTree = "<group>"; };
		4E5C00EE215FBDFA0027B1DA /* Departure Board.app */ = {isa = PBXFileReference; explicitFileType = wrapper.application; includeInIndex = 0; path = "Departure Board.app"; sourceTree = BUILT_PRODUCTS_DIR; };
		4E5C00F1215FBDFA0027B1DA /* AppDelegate.swift */ = {isa = PBXFileReference; lastKnownFileType = sourcecode.swift; path = AppDelegate.swift; sourceTree = "<group>"; };
		4E5C00F3215FBDFA0027B1DA /* MainViewController.swift */ = {isa = PBXFileReference; lastKnownFileType = sourcecode.swift; path = MainViewController.swift; sourceTree = "<group>"; };
		4E5C00F8215FBDFB0027B1DA /* Assets.xcassets */ = {isa = PBXFileReference; lastKnownFileType = folder.assetcatalog; path = Assets.xcassets; sourceTree = "<group>"; };
		4E5C00FB215FBDFB0027B1DA /* Base */ = {isa = PBXFileReference; lastKnownFileType = file.storyboard; name = Base; path = Base.lproj/LaunchScreen.storyboard; sourceTree = "<group>"; };
		4E5C00FD215FBDFB0027B1DA /* Info.plist */ = {isa = PBXFileReference; lastKnownFileType = text.plist.xml; path = Info.plist; sourceTree = "<group>"; };
		4E5C0103215FBF740027B1DA /* APIClient.swift */ = {isa = PBXFileReference; lastKnownFileType = sourcecode.swift; path = APIClient.swift; sourceTree = "<group>"; };
		4E5C0107215FC8F60027B1DA /* convenience.swift */ = {isa = PBXFileReference; fileEncoding = 4; lastKnownFileType = sourcecode.swift; path = convenience.swift; sourceTree = "<group>"; };
		4E5C010B215FD1360027B1DA /* DepartureInfo.swift */ = {isa = PBXFileReference; lastKnownFileType = sourcecode.swift; path = DepartureInfo.swift; sourceTree = "<group>"; };
		4E5C0111215FDB470027B1DA /* Departure Board Widget.appex */ = {isa = PBXFileReference; explicitFileType = "wrapper.app-extension"; includeInIndex = 0; path = "Departure Board Widget.appex"; sourceTree = BUILT_PRODUCTS_DIR; };
		4E5C0112215FDB470027B1DA /* NotificationCenter.framework */ = {isa = PBXFileReference; lastKnownFileType = wrapper.framework; name = NotificationCenter.framework; path = System/Library/Frameworks/NotificationCenter.framework; sourceTree = SDKROOT; };
		4E5C0115215FDB470027B1DA /* DepartureWidgetController.swift */ = {isa = PBXFileReference; lastKnownFileType = sourcecode.swift; path = DepartureWidgetController.swift; sourceTree = "<group>"; };
		4E5C011A215FDB470027B1DA /* Info.plist */ = {isa = PBXFileReference; lastKnownFileType = text.plist.xml; path = Info.plist; sourceTree = "<group>"; };
		4E5C0128215FDED70027B1DA /* DepartureTableViewController.swift */ = {isa = PBXFileReference; lastKnownFileType = sourcecode.swift; path = DepartureTableViewController.swift; sourceTree = "<group>"; };
		4E5C012A215FE0170027B1DA /* DepartureCell.swift */ = {isa = PBXFileReference; lastKnownFileType = sourcecode.swift; path = DepartureCell.swift; sourceTree = "<group>"; };
		4E83F9F3219AD42800FEECB3 /* StationListViewController.swift */ = {isa = PBXFileReference; lastKnownFileType = sourcecode.swift; path = StationListViewController.swift; sourceTree = "<group>"; };
		4E83F9F5219ADD4C00FEECB3 /* StationListCell.swift */ = {isa = PBXFileReference; lastKnownFileType = sourcecode.swift; path = StationListCell.swift; sourceTree = "<group>"; };
		4EB6CA35219B37D200A36D0F /* MTRLineCode.swift */ = {isa = PBXFileReference; lastKnownFileType = sourcecode.swift; path = MTRLineCode.swift; sourceTree = "<group>"; };
		4EB6CA38219B37D800A36D0F /* MTRStationCode.swift */ = {isa = PBXFileReference; lastKnownFileType = sourcecode.swift; path = MTRStationCode.swift; sourceTree = "<group>"; };
		4EB6CA3B219B37DF00A36D0F /* MTRStation.swift */ = {isa = PBXFileReference; lastKnownFileType = sourcecode.swift; path = MTRStation.swift; sourceTree = "<group>"; };
		4EEB9C6721639ED700E9A56E /* Departure Board.entitlements */ = {isa = PBXFileReference; lastKnownFileType = text.plist.entitlements; path = "Departure Board.entitlements"; sourceTree = "<group>"; };
		4EEB9C6821639EFC00E9A56E /* Departure Board Widget.entitlements */ = {isa = PBXFileReference; lastKnownFileType = text.plist.entitlements; path = "Departure Board Widget.entitlements"; sourceTree = "<group>"; };
		4EEB9C6921639F1D00E9A56E /* AppSettings.swift */ = {isa = PBXFileReference; lastKnownFileType = sourcecode.swift; path = AppSettings.swift; sourceTree = "<group>"; };
		71AA71182754D4BA1D04749B /* Pods_Departure_Board_Widget.framework */ = {isa = PBXFileReference; explicitFileType = wrapper.framework; includeInIndex = 0; path = Pods_Departure_Board_Widget.framework; sourceTree = BUILT_PRODUCTS_DIR; };
		9B5A72AEF987C17088796A1B /* Pods-Departure Board Widget.debug.xcconfig */ = {isa = PBXFileReference; includeInIndex = 1; lastKnownFileType = text.xcconfig; name = "Pods-Departure Board Widget.debug.xcconfig"; path = "Pods/Target Support Files/Pods-Departure Board Widget/Pods-Departure Board Widget.debug.xcconfig"; sourceTree = "<group>"; };
		A834F6951CDA5F8C66EF6DA9 /* Pods_Departure_Board.framework */ = {isa = PBXFileReference; explicitFileType = wrapper.framework; includeInIndex = 0; path = Pods_Departure_Board.framework; sourceTree = BUILT_PRODUCTS_DIR; };
		B3DDECD29FA3A041219815C9 /* Pods-Departure Board Widget.release.xcconfig */ = {isa = PBXFileReference; includeInIndex = 1; lastKnownFileType = text.xcconfig; name = "Pods-Departure Board Widget.release.xcconfig"; path = "Pods/Target Support Files/Pods-Departure Board Widget/Pods-Departure Board Widget.release.xcconfig"; sourceTree = "<group>"; };
		BDAD1FC40A9E5CA1A7248F1F /* Pods-Departure Board.debug.xcconfig */ = {isa = PBXFileReference; includeInIndex = 1; lastKnownFileType = text.xcconfig; name = "Pods-Departure Board.debug.xcconfig"; path = "Pods/Target Support Files/Pods-Departure Board/Pods-Departure Board.debug.xcconfig"; sourceTree = "<group>"; };
/* End PBXFileReference section */

/* Begin PBXFrameworksBuildPhase section */
		4E5C00EB215FBDFA0027B1DA /* Frameworks */ = {
			isa = PBXFrameworksBuildPhase;
			buildActionMask = 2147483647;
			files = (
				C61229310795734B5C6C9AB2 /* Pods_Departure_Board.framework in Frameworks */,
			);
			runOnlyForDeploymentPostprocessing = 0;
		};
		4E5C010E215FDB470027B1DA /* Frameworks */ = {
			isa = PBXFrameworksBuildPhase;
			buildActionMask = 2147483647;
			files = (
				4E5C0113215FDB470027B1DA /* NotificationCenter.framework in Frameworks */,
				E8E9415ACA070272E287F008 /* Pods_Departure_Board_Widget.framework in Frameworks */,
			);
			runOnlyForDeploymentPostprocessing = 0;
		};
/* End PBXFrameworksBuildPhase section */

/* Begin PBXGroup section */
		223D0663886626596DD5F124 /* Pods */ = {
			isa = PBXGroup;
			children = (
				BDAD1FC40A9E5CA1A7248F1F /* Pods-Departure Board.debug.xcconfig */,
				04787647D29FE511B7B24F4C /* Pods-Departure Board.release.xcconfig */,
				9B5A72AEF987C17088796A1B /* Pods-Departure Board Widget.debug.xcconfig */,
				B3DDECD29FA3A041219815C9 /* Pods-Departure Board Widget.release.xcconfig */,
			);
			name = Pods;
			sourceTree = "<group>";
		};
		4E243B10219C50F80072A4E5 /* i18n */ = {
			isa = PBXGroup;
			children = (
				4E243B17219C51C00072A4E5 /* Stations.strings */,
			);
			path = i18n;
			sourceTree = "<group>";
		};
		4E5C00E5215FBDFA0027B1DA = {
			isa = PBXGroup;
			children = (
				4E5C0122215FDEB00027B1DA /* Shared */,
				4E5C00F0215FBDFA0027B1DA /* Departure Board */,
				4E5C0114215FDB470027B1DA /* Departure Board Widget */,
				4E5C00EF215FBDFA0027B1DA /* Products */,
				223D0663886626596DD5F124 /* Pods */,
				C9B0D8634BBBFE1AC3FDD736 /* Frameworks */,
			);
			sourceTree = "<group>";
		};
		4E5C00EF215FBDFA0027B1DA /* Products */ = {
			isa = PBXGroup;
			children = (
				4E5C00EE215FBDFA0027B1DA /* Departure Board.app */,
				4E5C0111215FDB470027B1DA /* Departure Board Widget.appex */,
			);
			name = Products;
			sourceTree = "<group>";
		};
		4E5C00F0215FBDFA0027B1DA /* Departure Board */ = {
			isa = PBXGroup;
			children = (
				4EEB9C6721639ED700E9A56E /* Departure Board.entitlements */,
				4E5C00F1215FBDFA0027B1DA /* AppDelegate.swift */,
				4E5C00F3215FBDFA0027B1DA /* MainViewController.swift */,
				4E83F9F3219AD42800FEECB3 /* StationListViewController.swift */,
				4E83F9F5219ADD4C00FEECB3 /* StationListCell.swift */,
				4E5C00F8215FBDFB0027B1DA /* Assets.xcassets */,
				4E5C00FA215FBDFB0027B1DA /* LaunchScreen.storyboard */,
				4E5C00FD215FBDFB0027B1DA /* Info.plist */,
			);
			path = "Departure Board";
			sourceTree = "<group>";
		};
		4E5C0114215FDB470027B1DA /* Departure Board Widget */ = {
			isa = PBXGroup;
			children = (
				4EEB9C6821639EFC00E9A56E /* Departure Board Widget.entitlements */,
				4E5C0115215FDB470027B1DA /* DepartureWidgetController.swift */,
				4E5C0128215FDED70027B1DA /* DepartureTableViewController.swift */,
				4E5C012A215FE0170027B1DA /* DepartureCell.swift */,
				4E5C0103215FBF740027B1DA /* APIClient.swift */,
				4E5C011A215FDB470027B1DA /* Info.plist */,
			);
			path = "Departure Board Widget";
			sourceTree = "<group>";
		};
		4E5C0122215FDEB00027B1DA /* Shared */ = {
			isa = PBXGroup;
			children = (
				4E5C0107215FC8F60027B1DA /* convenience.swift */,
				4EEB9C6921639F1D00E9A56E /* AppSettings.swift */,
				4EB6CA34219B37BC00A36D0F /* models */,
				4E243B10219C50F80072A4E5 /* i18n */,
			);
			path = Shared;
			sourceTree = "<group>";
		};
		4EB6CA34219B37BC00A36D0F /* models */ = {
			isa = PBXGroup;
			children = (
				4EB6CA35219B37D200A36D0F /* MTRLineCode.swift */,
				4EB6CA38219B37D800A36D0F /* MTRStationCode.swift */,
				4E220F96219C1D1D00D83116 /* MTRLine.swift */,
				4EB6CA3B219B37DF00A36D0F /* MTRStation.swift */,
				4E5C010B215FD1360027B1DA /* DepartureInfo.swift */,
			);
			path = models;
			sourceTree = "<group>";
		};
		C9B0D8634BBBFE1AC3FDD736 /* Frameworks */ = {
			isa = PBXGroup;
			children = (
				A834F6951CDA5F8C66EF6DA9 /* Pods_Departure_Board.framework */,
				4E5C0112215FDB470027B1DA /* NotificationCenter.framework */,
				71AA71182754D4BA1D04749B /* Pods_Departure_Board_Widget.framework */,
			);
			name = Frameworks;
			sourceTree = "<group>";
		};
/* End PBXGroup section */

/* Begin PBXNativeTarget section */
		4E5C00ED215FBDFA0027B1DA /* Departure Board */ = {
			isa = PBXNativeTarget;
			buildConfigurationList = 4E5C0100215FBDFB0027B1DA /* Build configuration list for PBXNativeTarget "Departure Board" */;
			buildPhases = (
				A5B634A490FC710530E44C46 /* [CP] Check Pods Manifest.lock */,
				4E5C00EA215FBDFA0027B1DA /* Sources */,
				4E5C00EB215FBDFA0027B1DA /* Frameworks */,
				4E5C00EC215FBDFA0027B1DA /* Resources */,
				77D5B0FFCAB9CA0A59BAE97F /* [CP] Embed Pods Frameworks */,
				4E5C0121215FDB470027B1DA /* Embed App Extensions */,
			);
			buildRules = (
			);
			dependencies = (
				4E5C011C215FDB470027B1DA /* PBXTargetDependency */,
			);
			name = "Departure Board";
			productName = "Departure Board";
			productReference = 4E5C00EE215FBDFA0027B1DA /* Departure Board.app */;
			productType = "com.apple.product-type.application";
		};
		4E5C0110215FDB470027B1DA /* Departure Board Widget */ = {
			isa = PBXNativeTarget;
			buildConfigurationList = 4E5C0120215FDB470027B1DA /* Build configuration list for PBXNativeTarget "Departure Board Widget" */;
			buildPhases = (
				E4695D6C1A49EA411588EF4B /* [CP] Check Pods Manifest.lock */,
				4E5C010D215FDB470027B1DA /* Sources */,
				4E5C010E215FDB470027B1DA /* Frameworks */,
				4E5C010F215FDB470027B1DA /* Resources */,
			);
			buildRules = (
			);
			dependencies = (
			);
			name = "Departure Board Widget";
			productName = "Departure Board Widget";
			productReference = 4E5C0111215FDB470027B1DA /* Departure Board Widget.appex */;
			productType = "com.apple.product-type.app-extension";
		};
/* End PBXNativeTarget section */

/* Begin PBXProject section */
		4E5C00E6215FBDFA0027B1DA /* Project object */ = {
			isa = PBXProject;
			attributes = {
				LastSwiftUpdateCheck = 1000;
				LastUpgradeCheck = 1000;
				ORGANIZATIONNAME = "Cat Jia";
				TargetAttributes = {
					4E5C00ED215FBDFA0027B1DA = {
						CreatedOnToolsVersion = 10.0;
						SystemCapabilities = {
							com.apple.ApplicationGroups.iOS = {
								enabled = 1;
							};
						};
					};
					4E5C0110215FDB470027B1DA = {
						CreatedOnToolsVersion = 10.0;
						SystemCapabilities = {
							com.apple.ApplicationGroups.iOS = {
								enabled = 1;
							};
						};
					};
				};
			};
			buildConfigurationList = 4E5C00E9215FBDFA0027B1DA /* Build configuration list for PBXProject "Departure Board" */;
			compatibilityVersion = "Xcode 9.3";
			developmentRegion = en;
			hasScannedForEncodings = 0;
			knownRegions = (
				en,
				Base,
				"zh-Hant",
			);
			mainGroup = 4E5C00E5215FBDFA0027B1DA;
			productRefGroup = 4E5C00EF215FBDFA0027B1DA /* Products */;
			projectDirPath = "";
			projectRoot = "";
			targets = (
				4E5C00ED215FBDFA0027B1DA /* Departure Board */,
				4E5C0110215FDB470027B1DA /* Departure Board Widget */,
			);
		};
/* End PBXProject section */

/* Begin PBXResourcesBuildPhase section */
		4E5C00EC215FBDFA0027B1DA /* Resources */ = {
			isa = PBXResourcesBuildPhase;
			buildActionMask = 2147483647;
			files = (
				4E5C00FC215FBDFB0027B1DA /* LaunchScreen.storyboard in Resources */,
				4E5C00F9215FBDFB0027B1DA /* Assets.xcassets in Resources */,
				4E243B14219C51C00072A4E5 /* Stations.strings in Resources */,
			);
			runOnlyForDeploymentPostprocessing = 0;
		};
		4E5C010F215FDB470027B1DA /* Resources */ = {
			isa = PBXResourcesBuildPhase;
			buildActionMask = 2147483647;
			files = (
				4E243B15219C51C00072A4E5 /* Stations.strings in Resources */,
			);
			runOnlyForDeploymentPostprocessing = 0;
		};
/* End PBXResourcesBuildPhase section */

/* Begin PBXShellScriptBuildPhase section */
		77D5B0FFCAB9CA0A59BAE97F /* [CP] Embed Pods Frameworks */ = {
			isa = PBXShellScriptBuildPhase;
			buildActionMask = 2147483647;
			files = (
			);
			inputPaths = (
				"${SRCROOT}/Pods/Target Support Files/Pods-Departure Board/Pods-Departure Board-frameworks.sh",
				"${BUILT_PRODUCTS_DIR}/SwiftyJSON/SwiftyJSON.framework",
			);
			name = "[CP] Embed Pods Frameworks";
			outputPaths = (
				"${TARGET_BUILD_DIR}/${FRAMEWORKS_FOLDER_PATH}/SwiftyJSON.framework",
			);
			runOnlyForDeploymentPostprocessing = 0;
			shellPath = /bin/sh;
			shellScript = "\"${SRCROOT}/Pods/Target Support Files/Pods-Departure Board/Pods-Departure Board-frameworks.sh\"\n";
			showEnvVarsInLog = 0;
		};
		A5B634A490FC710530E44C46 /* [CP] Check Pods Manifest.lock */ = {
			isa = PBXShellScriptBuildPhase;
			buildActionMask = 2147483647;
			files = (
			);
			inputPaths = (
				"${PODS_PODFILE_DIR_PATH}/Podfile.lock",
				"${PODS_ROOT}/Manifest.lock",
			);
			name = "[CP] Check Pods Manifest.lock";
			outputPaths = (
				"$(DERIVED_FILE_DIR)/Pods-Departure Board-checkManifestLockResult.txt",
			);
			runOnlyForDeploymentPostprocessing = 0;
			shellPath = /bin/sh;
			shellScript = "diff \"${PODS_PODFILE_DIR_PATH}/Podfile.lock\" \"${PODS_ROOT}/Manifest.lock\" > /dev/null\nif [ $? != 0 ] ; then\n    # print error to STDERR\n    echo \"error: The sandbox is not in sync with the Podfile.lock. Run 'pod install' or update your CocoaPods installation.\" >&2\n    exit 1\nfi\n# This output is used by Xcode 'outputs' to avoid re-running this script phase.\necho \"SUCCESS\" > \"${SCRIPT_OUTPUT_FILE_0}\"\n";
			showEnvVarsInLog = 0;
		};
		E4695D6C1A49EA411588EF4B /* [CP] Check Pods Manifest.lock */ = {
			isa = PBXShellScriptBuildPhase;
			buildActionMask = 2147483647;
			files = (
			);
			inputPaths = (
				"${PODS_PODFILE_DIR_PATH}/Podfile.lock",
				"${PODS_ROOT}/Manifest.lock",
			);
			name = "[CP] Check Pods Manifest.lock";
			outputPaths = (
				"$(DERIVED_FILE_DIR)/Pods-Departure Board Widget-checkManifestLockResult.txt",
			);
			runOnlyForDeploymentPostprocessing = 0;
			shellPath = /bin/sh;
			shellScript = "diff \"${PODS_PODFILE_DIR_PATH}/Podfile.lock\" \"${PODS_ROOT}/Manifest.lock\" > /dev/null\nif [ $? != 0 ] ; then\n    # print error to STDERR\n    echo \"error: The sandbox is not in sync with the Podfile.lock. Run 'pod install' or update your CocoaPods installation.\" >&2\n    exit 1\nfi\n# This output is used by Xcode 'outputs' to avoid re-running this script phase.\necho \"SUCCESS\" > \"${SCRIPT_OUTPUT_FILE_0}\"\n";
			showEnvVarsInLog = 0;
		};
/* End PBXShellScriptBuildPhase section */

/* Begin PBXSourcesBuildPhase section */
		4E5C00EA215FBDFA0027B1DA /* Sources */ = {
			isa = PBXSourcesBuildPhase;
			buildActionMask = 2147483647;
			files = (
				4E5C0108215FC8F60027B1DA /* convenience.swift in Sources */,
				4E5C00F4215FBDFA0027B1DA /* MainViewController.swift in Sources */,
				4E5C00F2215FBDFA0027B1DA /* AppDelegate.swift in Sources */,
				4E220F97219C1D1D00D83116 /* MTRLine.swift in Sources */,
				4EB6CA36219B37D200A36D0F /* MTRLineCode.swift in Sources */,
				4EB6CA3C219B37DF00A36D0F /* MTRStation.swift in Sources */,
				4EEB9C6A21639F1D00E9A56E /* AppSettings.swift in Sources */,
				4E5C010C215FD1360027B1DA /* DepartureInfo.swift in Sources */,
				4EB6CA39219B37D800A36D0F /* MTRStationCode.swift in Sources */,
				4E83F9F4219AD42800FEECB3 /* StationListViewController.swift in Sources */,
				4E83F9F6219ADD4C00FEECB3 /* StationListCell.swift in Sources */,
			);
			runOnlyForDeploymentPostprocessing = 0;
		};
		4E5C010D215FDB470027B1DA /* Sources */ = {
			isa = PBXSourcesBuildPhase;
			buildActionMask = 2147483647;
			files = (
				4E5C012B215FE0170027B1DA /* DepartureCell.swift in Sources */,
				4E5C0116215FDB470027B1DA /* DepartureWidgetController.swift in Sources */,
				4E5C0123215FDEC60027B1DA /* convenience.swift in Sources */,
				4E220F98219C1D1D00D83116 /* MTRLine.swift in Sources */,
				4EB6CA37219B37D200A36D0F /* MTRLineCode.swift in Sources */,
				4EB6CA3D219B37DF00A36D0F /* MTRStation.swift in Sources */,
				4E5C0124215FDEC60027B1DA /* APIClient.swift in Sources */,
				4E5C0125215FDEC60027B1DA /* DepartureInfo.swift in Sources */,
				4EB6CA3A219B37D800A36D0F /* MTRStationCode.swift in Sources */,
				4E5C0129215FDED70027B1DA /* DepartureTableViewController.swift in Sources */,
				4EEB9C6B21639F1D00E9A56E /* AppSettings.swift in Sources */,
			);
			runOnlyForDeploymentPostprocessing = 0;
		};
/* End PBXSourcesBuildPhase section */

/* Begin PBXTargetDependency section */
		4E5C011C215FDB470027B1DA /* PBXTargetDependency */ = {
			isa = PBXTargetDependency;
			target = 4E5C0110215FDB470027B1DA /* Departure Board Widget */;
			targetProxy = 4E5C011B215FDB470027B1DA /* PBXContainerItemProxy */;
		};
/* End PBXTargetDependency section */

/* Begin PBXVariantGroup section */
		4E243B17219C51C00072A4E5 /* Stations.strings */ = {
			isa = PBXVariantGroup;
			children = (
				4E243B16219C51C00072A4E5 /* en */,
				4E243B18219C51D10072A4E5 /* zh-Hant */,
			);
			name = Stations.strings;
			sourceTree = "<group>";
		};
		4E5C00FA215FBDFB0027B1DA /* LaunchScreen.storyboard */ = {
			isa = PBXVariantGroup;
			children = (
				4E5C00FB215FBDFB0027B1DA /* Base */,
			);
			name = LaunchScreen.storyboard;
			sourceTree = "<group>";
		};
/* End PBXVariantGroup section */

/* Begin XCBuildConfiguration section */
		4E5C00FE215FBDFB0027B1DA /* Debug */ = {
			isa = XCBuildConfiguration;
			buildSettings = {
				ALWAYS_SEARCH_USER_PATHS = NO;
				CLANG_ANALYZER_LOCALIZABILITY_NONLOCALIZED = YES;
				CLANG_ANALYZER_NONNULL = YES;
				CLANG_ANALYZER_NUMBER_OBJECT_CONVERSION = YES_AGGRESSIVE;
				CLANG_CXX_LANGUAGE_STANDARD = "gnu++14";
				CLANG_CXX_LIBRARY = "libc++";
				CLANG_ENABLE_MODULES = YES;
				CLANG_ENABLE_OBJC_ARC = YES;
				CLANG_ENABLE_OBJC_WEAK = YES;
				CLANG_WARN_BLOCK_CAPTURE_AUTORELEASING = YES;
				CLANG_WARN_BOOL_CONVERSION = YES;
				CLANG_WARN_COMMA = YES;
				CLANG_WARN_CONSTANT_CONVERSION = YES;
				CLANG_WARN_DEPRECATED_OBJC_IMPLEMENTATIONS = YES;
				CLANG_WARN_DIRECT_OBJC_ISA_USAGE = YES_ERROR;
				CLANG_WARN_DOCUMENTATION_COMMENTS = YES;
				CLANG_WARN_EMPTY_BODY = YES;
				CLANG_WARN_ENUM_CONVERSION = YES;
				CLANG_WARN_INFINITE_RECURSION = YES;
				CLANG_WARN_INT_CONVERSION = YES;
				CLANG_WARN_NON_LITERAL_NULL_CONVERSION = YES;
				CLANG_WARN_OBJC_IMPLICIT_RETAIN_SELF = YES;
				CLANG_WARN_OBJC_LITERAL_CONVERSION = YES;
				CLANG_WARN_OBJC_ROOT_CLASS = YES_ERROR;
				CLANG_WARN_RANGE_LOOP_ANALYSIS = YES;
				CLANG_WARN_STRICT_PROTOTYPES = YES;
				CLANG_WARN_SUSPICIOUS_MOVE = YES;
				CLANG_WARN_UNGUARDED_AVAILABILITY = YES_AGGRESSIVE;
				CLANG_WARN_UNREACHABLE_CODE = YES;
				CLANG_WARN__DUPLICATE_METHOD_MATCH = YES;
				CODE_SIGN_IDENTITY = "iPhone Developer";
				COPY_PHASE_STRIP = NO;
				DEBUG_INFORMATION_FORMAT = dwarf;
				ENABLE_STRICT_OBJC_MSGSEND = YES;
				ENABLE_TESTABILITY = YES;
				GCC_C_LANGUAGE_STANDARD = gnu11;
				GCC_DYNAMIC_NO_PIC = NO;
				GCC_NO_COMMON_BLOCKS = YES;
				GCC_OPTIMIZATION_LEVEL = 0;
				GCC_PREPROCESSOR_DEFINITIONS = (
					"DEBUG=1",
					"$(inherited)",
				);
				GCC_WARN_64_TO_32_BIT_CONVERSION = YES;
				GCC_WARN_ABOUT_RETURN_TYPE = YES_ERROR;
				GCC_WARN_UNDECLARED_SELECTOR = YES;
				GCC_WARN_UNINITIALIZED_AUTOS = YES_AGGRESSIVE;
				GCC_WARN_UNUSED_FUNCTION = YES;
				GCC_WARN_UNUSED_VARIABLE = YES;
				IPHONEOS_DEPLOYMENT_TARGET = 9.0;
				MTL_ENABLE_DEBUG_INFO = INCLUDE_SOURCE;
				MTL_FAST_MATH = YES;
				ONLY_ACTIVE_ARCH = YES;
				SDKROOT = iphoneos;
				SWIFT_ACTIVE_COMPILATION_CONDITIONS = DEBUG;
				SWIFT_OPTIMIZATION_LEVEL = "-Onone";
			};
			name = Debug;
		};
		4E5C00FF215FBDFB0027B1DA /* Release */ = {
			isa = XCBuildConfiguration;
			buildSettings = {
				ALWAYS_SEARCH_USER_PATHS = NO;
				CLANG_ANALYZER_LOCALIZABILITY_NONLOCALIZED = YES;
				CLANG_ANALYZER_NONNULL = YES;
				CLANG_ANALYZER_NUMBER_OBJECT_CONVERSION = YES_AGGRESSIVE;
				CLANG_CXX_LANGUAGE_STANDARD = "gnu++14";
				CLANG_CXX_LIBRARY = "libc++";
				CLANG_ENABLE_MODULES = YES;
				CLANG_ENABLE_OBJC_ARC = YES;
				CLANG_ENABLE_OBJC_WEAK = YES;
				CLANG_WARN_BLOCK_CAPTURE_AUTORELEASING = YES;
				CLANG_WARN_BOOL_CONVERSION = YES;
				CLANG_WARN_COMMA = YES;
				CLANG_WARN_CONSTANT_CONVERSION = YES;
				CLANG_WARN_DEPRECATED_OBJC_IMPLEMENTATIONS = YES;
				CLANG_WARN_DIRECT_OBJC_ISA_USAGE = YES_ERROR;
				CLANG_WARN_DOCUMENTATION_COMMENTS = YES;
				CLANG_WARN_EMPTY_BODY = YES;
				CLANG_WARN_ENUM_CONVERSION = YES;
				CLANG_WARN_INFINITE_RECURSION = YES;
				CLANG_WARN_INT_CONVERSION = YES;
				CLANG_WARN_NON_LITERAL_NULL_CONVERSION = YES;
				CLANG_WARN_OBJC_IMPLICIT_RETAIN_SELF = YES;
				CLANG_WARN_OBJC_LITERAL_CONVERSION = YES;
				CLANG_WARN_OBJC_ROOT_CLASS = YES_ERROR;
				CLANG_WARN_RANGE_LOOP_ANALYSIS = YES;
				CLANG_WARN_STRICT_PROTOTYPES = YES;
				CLANG_WARN_SUSPICIOUS_MOVE = YES;
				CLANG_WARN_UNGUARDED_AVAILABILITY = YES_AGGRESSIVE;
				CLANG_WARN_UNREACHABLE_CODE = YES;
				CLANG_WARN__DUPLICATE_METHOD_MATCH = YES;
				CODE_SIGN_IDENTITY = "iPhone Developer";
				COPY_PHASE_STRIP = NO;
				DEBUG_INFORMATION_FORMAT = "dwarf-with-dsym";
				ENABLE_NS_ASSERTIONS = NO;
				ENABLE_STRICT_OBJC_MSGSEND = YES;
				GCC_C_LANGUAGE_STANDARD = gnu11;
				GCC_NO_COMMON_BLOCKS = YES;
				GCC_WARN_64_TO_32_BIT_CONVERSION = YES;
				GCC_WARN_ABOUT_RETURN_TYPE = YES_ERROR;
				GCC_WARN_UNDECLARED_SELECTOR = YES;
				GCC_WARN_UNINITIALIZED_AUTOS = YES_AGGRESSIVE;
				GCC_WARN_UNUSED_FUNCTION = YES;
				GCC_WARN_UNUSED_VARIABLE = YES;
				IPHONEOS_DEPLOYMENT_TARGET = 9.0;
				MTL_ENABLE_DEBUG_INFO = NO;
				MTL_FAST_MATH = YES;
				SDKROOT = iphoneos;
				SWIFT_COMPILATION_MODE = wholemodule;
				SWIFT_OPTIMIZATION_LEVEL = "-O";
				VALIDATE_PRODUCT = YES;
			};
			name = Release;
		};
		4E5C0101215FBDFB0027B1DA /* Debug */ = {
			isa = XCBuildConfiguration;
			baseConfigurationReference = BDAD1FC40A9E5CA1A7248F1F /* Pods-Departure Board.debug.xcconfig */;
			buildSettings = {
				ASSETCATALOG_COMPILER_APPICON_NAME = AppIcon;
				CODE_SIGN_ENTITLEMENTS = "Departure Board/Departure Board.entitlements";
				CODE_SIGN_STYLE = Automatic;
				DEVELOPMENT_TEAM = 8RY4T3LPW8;
				INFOPLIST_FILE = "Departure Board/Info.plist";
				LD_RUNPATH_SEARCH_PATHS = (
					"$(inherited)",
					"@executable_path/Frameworks",
				);
				PRODUCT_BUNDLE_IDENTIFIER = cat.jia.departureboard;
				PRODUCT_NAME = "$(TARGET_NAME)";
				SWIFT_VERSION = 4.2;
				TARGETED_DEVICE_FAMILY = "1,2";
			};
			name = Debug;
		};
		4E5C0102215FBDFB0027B1DA /* Release */ = {
			isa = XCBuildConfiguration;
			baseConfigurationReference = 04787647D29FE511B7B24F4C /* Pods-Departure Board.release.xcconfig */;
			buildSettings = {
				ASSETCATALOG_COMPILER_APPICON_NAME = AppIcon;
				CODE_SIGN_ENTITLEMENTS = "Departure Board/Departure Board.entitlements";
				CODE_SIGN_STYLE = Automatic;
				DEVELOPMENT_TEAM = 8RY4T3LPW8;
				INFOPLIST_FILE = "Departure Board/Info.plist";
				LD_RUNPATH_SEARCH_PATHS = (
					"$(inherited)",
					"@executable_path/Frameworks",
				);
				PRODUCT_BUNDLE_IDENTIFIER = cat.jia.departureboard;
				PRODUCT_NAME = "$(TARGET_NAME)";
				SWIFT_VERSION = 4.2;
				TARGETED_DEVICE_FAMILY = "1,2";
			};
			name = Release;
		};
		4E5C011E215FDB470027B1DA /* Debug */ = {
			isa = XCBuildConfiguration;
			baseConfigurationReference = 9B5A72AEF987C17088796A1B /* Pods-Departure Board Widget.debug.xcconfig */;
			buildSettings = {
				CODE_SIGN_ENTITLEMENTS = "Departure Board Widget/Departure Board Widget.entitlements";
				CODE_SIGN_STYLE = Automatic;
				DEVELOPMENT_TEAM = 8RY4T3LPW8;
				FRAMEWORK_SEARCH_PATHS = (
					"$(inherited)",
					"$(PROJECT_DIR)/Departure\\ Board\\ Widget",
					"$(PROJECT_DIR)/Departure\\ Board\\ Widget",
					"$(PROJECT_DIR)/Departure\\ Board\\ Widget",
				);
				INFOPLIST_FILE = "Departure Board Widget/Info.plist";
				IPHONEOS_DEPLOYMENT_TARGET = 9.0;
				LD_RUNPATH_SEARCH_PATHS = (
					"$(inherited)",
					"@executable_path/Frameworks",
					"@executable_path/../../Frameworks",
				);
				PRODUCT_BUNDLE_IDENTIFIER = cat.jia.departureboard.widget;
				PRODUCT_NAME = "$(TARGET_NAME)";
				SKIP_INSTALL = YES;
				SWIFT_VERSION = 4.2;
				TARGETED_DEVICE_FAMILY = "1,2";
			};
			name = Debug;
		};
		4E5C011F215FDB470027B1DA /* Release */ = {
			isa = XCBuildConfiguration;
			baseConfigurationReference = B3DDECD29FA3A041219815C9 /* Pods-Departure Board Widget.release.xcconfig */;
			buildSettings = {
				CODE_SIGN_ENTITLEMENTS = "Departure Board Widget/Departure Board Widget.entitlements";
				CODE_SIGN_STYLE = Automatic;
				DEVELOPMENT_TEAM = 8RY4T3LPW8;
				FRAMEWORK_SEARCH_PATHS = (
					"$(inherited)",
					"$(PROJECT_DIR)/Departure\\ Board\\ Widget",
					"$(PROJECT_DIR)/Departure\\ Board\\ Widget",
					"$(PROJECT_DIR)/Departure\\ Board\\ Widget",
				);
				INFOPLIST_FILE = "Departure Board Widget/Info.plist";
				IPHONEOS_DEPLOYMENT_TARGET = 9.0;
				LD_RUNPATH_SEARCH_PATHS = (
					"$(inherited)",
					"@executable_path/Frameworks",
					"@executable_path/../../Frameworks",
				);
				PRODUCT_BUNDLE_IDENTIFIER = cat.jia.departureboard.widget;
				PRODUCT_NAME = "$(TARGET_NAME)";
				SKIP_INSTALL = YES;
				SWIFT_VERSION = 4.2;
				TARGETED_DEVICE_FAMILY = "1,2";
			};
			name = Release;
		};
/* End XCBuildConfiguration section */

/* Begin XCConfigurationList section */
		4E5C00E9215FBDFA0027B1DA /* Build configuration list for PBXProject "Departure Board" */ = {
			isa = XCConfigurationList;
			buildConfigurations = (
				4E5C00FE215FBDFB0027B1DA /* Debug */,
				4E5C00FF215FBDFB0027B1DA /* Release */,
			);
			defaultConfigurationIsVisible = 0;
			defaultConfigurationName = Release;
		};
		4E5C0100215FBDFB0027B1DA /* Build configuration list for PBXNativeTarget "Departure Board" */ = {
			isa = XCConfigurationList;
			buildConfigurations = (
				4E5C0101215FBDFB0027B1DA /* Debug */,
				4E5C0102215FBDFB0027B1DA /* Release */,
			);
			defaultConfigurationIsVisible = 0;
			defaultConfigurationName = Release;
		};
		4E5C0120215FDB470027B1DA /* Build configuration list for PBXNativeTarget "Departure Board Widget" */ = {
			isa = XCConfigurationList;
			buildConfigurations = (
				4E5C011E215FDB470027B1DA /* Debug */,
				4E5C011F215FDB470027B1DA /* Release */,
			);
			defaultConfigurationIsVisible = 0;
			defaultConfigurationName = Release;
		};
/* End XCConfigurationList section */
	};
	rootObject = 4E5C00E6215FBDFA0027B1DA /* Project object */;
}
